// !$*UTF8*$!
{
	archiveVersion = 1;
	classes = {
	};
	objectVersion = 46;
	objects = {

/* Begin PBXBuildFile section */
		2704FAF41DBE4FDB00BB94DC /* main.cpp in Sources */ = {isa = PBXBuildFile; fileRef = 2704FAF31DBE4FDB00BB94DC /* main.cpp */; };
		270716211DC636E9005D3A8B /* main.cpp in Sources */ = {isa = PBXBuildFile; fileRef = 2707161C1DC3FDA0005D3A8B /* main.cpp */; };
		2707162A1DC6824E005D3A8B /* main.cpp in Sources */ = {isa = PBXBuildFile; fileRef = 270716291DC6824E005D3A8B /* main.cpp */; };
		2710E1C41DC004D200754D8E /* main.cpp in Sources */ = {isa = PBXBuildFile; fileRef = 2710E1C31DC004D200754D8E /* main.cpp */; };
		27435A011DCCEC3C00741EF1 /* main.cpp in Sources */ = {isa = PBXBuildFile; fileRef = 27435A001DCCEC3C00741EF1 /* main.cpp */; };
		2769E0E61DC78C5800F9107B /* main.cpp in Sources */ = {isa = PBXBuildFile; fileRef = 2769E0E51DC78C5800F9107B /* main.cpp */; };
		27993F841DD8EDC900AEBEDA /* main.cpp in Sources */ = {isa = PBXBuildFile; fileRef = 27993F831DD8EDC900AEBEDA /* main.cpp */; };
		27C016311DC8C7BA0043061D /* main.cpp in Sources */ = {isa = PBXBuildFile; fileRef = 27C016301DC8C7BA0043061D /* main.cpp */; };
		27CCED501DBFCD13008DA7E1 /* main.cpp in Sources */ = {isa = PBXBuildFile; fileRef = 27CCED4F1DBFCD13008DA7E1 /* main.cpp */; };
/* End PBXBuildFile section */

/* Begin PBXCopyFilesBuildPhase section */
		2704FAEE1DBE4FDB00BB94DC /* CopyFiles */ = {
			isa = PBXCopyFilesBuildPhase;
			buildActionMask = 2147483647;
			dstPath = /usr/share/man/man1/;
			dstSubfolderSpec = 0;
			files = (
			);
			runOnlyForDeploymentPostprocessing = 1;
		};
		270716251DC6824E005D3A8B /* CopyFiles */ = {
			isa = PBXCopyFilesBuildPhase;
			buildActionMask = 2147483647;
			dstPath = /usr/share/man/man1/;
			dstSubfolderSpec = 0;
			files = (
			);
			runOnlyForDeploymentPostprocessing = 1;
		};
		2710E1BF1DC004D200754D8E /* CopyFiles */ = {
			isa = PBXCopyFilesBuildPhase;
			buildActionMask = 2147483647;
			dstPath = /usr/share/man/man1/;
			dstSubfolderSpec = 0;
			files = (
			);
			runOnlyForDeploymentPostprocessing = 1;
		};
		27131F541DC00947007C02A1 /* CopyFiles */ = {
			isa = PBXCopyFilesBuildPhase;
			buildActionMask = 2147483647;
			dstPath = /usr/share/man/man1/;
			dstSubfolderSpec = 0;
			files = (
			);
			runOnlyForDeploymentPostprocessing = 1;
		};
		274359FC1DCCEC3C00741EF1 /* CopyFiles */ = {
			isa = PBXCopyFilesBuildPhase;
			buildActionMask = 2147483647;
			dstPath = /usr/share/man/man1/;
			dstSubfolderSpec = 0;
			files = (
			);
			runOnlyForDeploymentPostprocessing = 1;
		};
		2769E0E11DC78C5800F9107B /* CopyFiles */ = {
			isa = PBXCopyFilesBuildPhase;
			buildActionMask = 2147483647;
			dstPath = /usr/share/man/man1/;
			dstSubfolderSpec = 0;
			files = (
			);
			runOnlyForDeploymentPostprocessing = 1;
		};
		27993F7F1DD8EDC900AEBEDA /* CopyFiles */ = {
			isa = PBXCopyFilesBuildPhase;
			buildActionMask = 2147483647;
			dstPath = /usr/share/man/man1/;
			dstSubfolderSpec = 0;
			files = (
			);
			runOnlyForDeploymentPostprocessing = 1;
		};
		27C0162C1DC8C7BA0043061D /* CopyFiles */ = {
			isa = PBXCopyFilesBuildPhase;
			buildActionMask = 2147483647;
			dstPath = /usr/share/man/man1/;
			dstSubfolderSpec = 0;
			files = (
			);
			runOnlyForDeploymentPostprocessing = 1;
		};
		27CCED4B1DBFCD13008DA7E1 /* CopyFiles */ = {
			isa = PBXCopyFilesBuildPhase;
			buildActionMask = 2147483647;
			dstPath = /usr/share/man/man1/;
			dstSubfolderSpec = 0;
			files = (
			);
			runOnlyForDeploymentPostprocessing = 1;
		};
/* End PBXCopyFilesBuildPhase section */

/* Begin PBXFileReference section */
		2704FAF01DBE4FDB00BB94DC /* ConstructATrieFromACollectionOfPatterns */ = {isa = PBXFileReference; explicitFileType = "compiled.mach-o.executable"; includeInIndex = 0; path = ConstructATrieFromACollectionOfPatterns; sourceTree = BUILT_PRODUCTS_DIR; };
		2704FAF31DBE4FDB00BB94DC /* main.cpp */ = {isa = PBXFileReference; lastKnownFileType = sourcecode.cpp.cpp; path = main.cpp; sourceTree = "<group>"; };
		2707161C1DC3FDA0005D3A8B /* main.cpp */ = {isa = PBXFileReference; fileEncoding = 4; lastKnownFileType = sourcecode.cpp.cpp; path = main.cpp; sourceTree = "<group>"; };
		270716271DC6824E005D3A8B /* ConstructTheBurrows-WheelerTransformOfAString */ = {isa = PBXFileReference; explicitFileType = "compiled.mach-o.executable"; includeInIndex = 0; path = "ConstructTheBurrows-WheelerTransformOfAString"; sourceTree = BUILT_PRODUCTS_DIR; };
		270716291DC6824E005D3A8B /* main.cpp */ = {isa = PBXFileReference; lastKnownFileType = sourcecode.cpp.cpp; path = main.cpp; sourceTree = "<group>"; };
		2710E1C11DC004D200754D8E /* ExtendTrieMatching */ = {isa = PBXFileReference; explicitFileType = "compiled.mach-o.executable"; includeInIndex = 0; path = ExtendTrieMatching; sourceTree = BUILT_PRODUCTS_DIR; };
		2710E1C31DC004D200754D8E /* main.cpp */ = {isa = PBXFileReference; lastKnownFileType = sourcecode.cpp.cpp; path = main.cpp; sourceTree = "<group>"; };
		27131F561DC00947007C02A1 /* ConstructTheSuffixTreeOfAString */ = {isa = PBXFileReference; explicitFileType = "compiled.mach-o.executable"; includeInIndex = 0; path = ConstructTheSuffixTreeOfAString; sourceTree = BUILT_PRODUCTS_DIR; };
		274359FE1DCCEC3C00741EF1 /* ConstructTheSuffixArrayOfAString */ = {isa = PBXFileReference; explicitFileType = "compiled.mach-o.executable"; includeInIndex = 0; path = ConstructTheSuffixArrayOfAString; sourceTree = BUILT_PRODUCTS_DIR; };
		27435A001DCCEC3C00741EF1 /* main.cpp */ = {isa = PBXFileReference; lastKnownFileType = sourcecode.cpp.cpp; path = main.cpp; sourceTree = "<group>"; };
		2769E0E31DC78C5800F9107B /* ReconstructAStringFromItsBurrows-WheelerTransform */ = {isa = PBXFileReference; explicitFileType = "compiled.mach-o.executable"; includeInIndex = 0; path = "ReconstructAStringFromItsBurrows-WheelerTransform"; sourceTree = BUILT_PRODUCTS_DIR; };
		2769E0E51DC78C5800F9107B /* main.cpp */ = {isa = PBXFileReference; lastKnownFileType = sourcecode.cpp.cpp; path = main.cpp; sourceTree = "<group>"; };
		27993F811DD8EDC900AEBEDA /* FindAllOccurrancesOfAPatternInAString */ = {isa = PBXFileReference; explicitFileType = "compiled.mach-o.executable"; includeInIndex = 0; path = FindAllOccurrancesOfAPatternInAString; sourceTree = BUILT_PRODUCTS_DIR; };
		27993F831DD8EDC900AEBEDA /* main.cpp */ = {isa = PBXFileReference; lastKnownFileType = sourcecode.cpp.cpp; path = main.cpp; sourceTree = "<group>"; };
		27C0162E1DC8C7BA0043061D /* ImplementBetterBWMatching */ = {isa = PBXFileReference; explicitFileType = "compiled.mach-o.executable"; includeInIndex = 0; path = ImplementBetterBWMatching; sourceTree = BUILT_PRODUCTS_DIR; };
		27C016301DC8C7BA0043061D /* main.cpp */ = {isa = PBXFileReference; lastKnownFileType = sourcecode.cpp.cpp; path = main.cpp; sourceTree = "<group>"; };
		27CCED4D1DBFCD13008DA7E1 /* ImplementingTrieMatching */ = {isa = PBXFileReference; explicitFileType = "compiled.mach-o.executable"; includeInIndex = 0; path = ImplementingTrieMatching; sourceTree = BUILT_PRODUCTS_DIR; };
		27CCED4F1DBFCD13008DA7E1 /* main.cpp */ = {isa = PBXFileReference; lastKnownFileType = sourcecode.cpp.cpp; path = main.cpp; sourceTree = "<group>"; };
/* End PBXFileReference section */

/* Begin PBXFrameworksBuildPhase section */
		2704FAED1DBE4FDB00BB94DC /* Frameworks */ = {
			isa = PBXFrameworksBuildPhase;
			buildActionMask = 2147483647;
			files = (
			);
			runOnlyForDeploymentPostprocessing = 0;
		};
		270716241DC6824E005D3A8B /* Frameworks */ = {
			isa = PBXFrameworksBuildPhase;
			buildActionMask = 2147483647;
			files = (
			);
			runOnlyForDeploymentPostprocessing = 0;
		};
		2710E1BE1DC004D200754D8E /* Frameworks */ = {
			isa = PBXFrameworksBuildPhase;
			buildActionMask = 2147483647;
			files = (
			);
			runOnlyForDeploymentPostprocessing = 0;
		};
		27131F531DC00947007C02A1 /* Frameworks */ = {
			isa = PBXFrameworksBuildPhase;
			buildActionMask = 2147483647;
			files = (
			);
			runOnlyForDeploymentPostprocessing = 0;
		};
		274359FB1DCCEC3C00741EF1 /* Frameworks */ = {
			isa = PBXFrameworksBuildPhase;
			buildActionMask = 2147483647;
			files = (
			);
			runOnlyForDeploymentPostprocessing = 0;
		};
		2769E0E01DC78C5800F9107B /* Frameworks */ = {
			isa = PBXFrameworksBuildPhase;
			buildActionMask = 2147483647;
			files = (
			);
			runOnlyForDeploymentPostprocessing = 0;
		};
		27993F7E1DD8EDC900AEBEDA /* Frameworks */ = {
			isa = PBXFrameworksBuildPhase;
			buildActionMask = 2147483647;
			files = (
			);
			runOnlyForDeploymentPostprocessing = 0;
		};
		27C0162B1DC8C7BA0043061D /* Frameworks */ = {
			isa = PBXFrameworksBuildPhase;
			buildActionMask = 2147483647;
			files = (
			);
			runOnlyForDeploymentPostprocessing = 0;
		};
		27CCED4A1DBFCD13008DA7E1 /* Frameworks */ = {
			isa = PBXFrameworksBuildPhase;
			buildActionMask = 2147483647;
			files = (
			);
			runOnlyForDeploymentPostprocessing = 0;
		};
/* End PBXFrameworksBuildPhase section */

/* Begin PBXGroup section */
		2704FAE41DBE4FAC00BB94DC = {
			isa = PBXGroup;
			children = (
				27993F7C1DD8ED9500AEBEDA /* Week 4 */,
				270716221DC681B4005D3A8B /* Week 2 */,
				2704FAEB1DBE4FB400BB94DC /* Week 1 */,
				2704FAF11DBE4FDB00BB94DC /* Products */,
			);
			sourceTree = "<group>";
		};
		2704FAEB1DBE4FB400BB94DC /* Week 1 */ = {
			isa = PBXGroup;
			children = (
				27131F571DC00947007C02A1 /* ConstructTheSuffixTreeOfAString */,
				2710E1C21DC004D200754D8E /* ExtendTrieMatching */,
				27CCED4E1DBFCD13008DA7E1 /* ImplementingTrieMatching */,
				2704FAF21DBE4FDB00BB94DC /* ConstructATrieFromACollectionOfPatterns */,
			);
			path = "Week 1";
			sourceTree = "<group>";
		};
		2704FAF11DBE4FDB00BB94DC /* Products */ = {
			isa = PBXGroup;
			children = (
				2704FAF01DBE4FDB00BB94DC /* ConstructATrieFromACollectionOfPatterns */,
				27CCED4D1DBFCD13008DA7E1 /* ImplementingTrieMatching */,
				2710E1C11DC004D200754D8E /* ExtendTrieMatching */,
				27131F561DC00947007C02A1 /* ConstructTheSuffixTreeOfAString */,
				270716271DC6824E005D3A8B /* ConstructTheBurrows-WheelerTransformOfAString */,
				2769E0E31DC78C5800F9107B /* ReconstructAStringFromItsBurrows-WheelerTransform */,
				27C0162E1DC8C7BA0043061D /* ImplementBetterBWMatching */,
				274359FE1DCCEC3C00741EF1 /* ConstructTheSuffixArrayOfAString */,
				27993F811DD8EDC900AEBEDA /* FindAllOccurrancesOfAPatternInAString */,
			);
			name = Products;
			sourceTree = "<group>";
		};
		2704FAF21DBE4FDB00BB94DC /* ConstructATrieFromACollectionOfPatterns */ = {
			isa = PBXGroup;
			children = (
				2704FAF31DBE4FDB00BB94DC /* main.cpp */,
			);
			path = ConstructATrieFromACollectionOfPatterns;
			sourceTree = "<group>";
		};
		270716221DC681B4005D3A8B /* Week 2 */ = {
			isa = PBXGroup;
			children = (
				274359FF1DCCEC3C00741EF1 /* ConstructTheSuffixArrayOfAString */,
				27C0162F1DC8C7BA0043061D /* ImplementBetterBWMatching */,
				2769E0E41DC78C5800F9107B /* ReconstructAStringFromItsBurrows-WheelerTransform */,
				270716281DC6824E005D3A8B /* ConstructTheBurrows-WheelerTransformOfAString */,
			);
			path = "Week 2";
			sourceTree = "<group>";
		};
		270716281DC6824E005D3A8B /* ConstructTheBurrows-WheelerTransformOfAString */ = {
			isa = PBXGroup;
			children = (
				270716291DC6824E005D3A8B /* main.cpp */,
			);
			path = "ConstructTheBurrows-WheelerTransformOfAString";
			sourceTree = "<group>";
		};
		2710E1C21DC004D200754D8E /* ExtendTrieMatching */ = {
			isa = PBXGroup;
			children = (
				2710E1C31DC004D200754D8E /* main.cpp */,
			);
			path = ExtendTrieMatching;
			sourceTree = "<group>";
		};
		27131F571DC00947007C02A1 /* ConstructTheSuffixTreeOfAString */ = {
			isa = PBXGroup;
			children = (
				2707161C1DC3FDA0005D3A8B /* main.cpp */,
			);
			path = ConstructTheSuffixTreeOfAString;
			sourceTree = "<group>";
		};
		274359FF1DCCEC3C00741EF1 /* ConstructTheSuffixArrayOfAString */ = {
			isa = PBXGroup;
			children = (
				27435A001DCCEC3C00741EF1 /* main.cpp */,
			);
			path = ConstructTheSuffixArrayOfAString;
			sourceTree = "<group>";
		};
		2769E0E41DC78C5800F9107B /* ReconstructAStringFromItsBurrows-WheelerTransform */ = {
			isa = PBXGroup;
			children = (
				2769E0E51DC78C5800F9107B /* main.cpp */,
			);
			path = "ReconstructAStringFromItsBurrows-WheelerTransform";
			sourceTree = "<group>";
		};
		27993F7C1DD8ED9500AEBEDA /* Week 4 */ = {
			isa = PBXGroup;
			children = (
				27993F821DD8EDC900AEBEDA /* FindAllOccurrancesOfAPatternInAString */,
			);
			path = "Week 4";
			sourceTree = "<group>";
		};
		27993F821DD8EDC900AEBEDA /* FindAllOccurrancesOfAPatternInAString */ = {
			isa = PBXGroup;
			children = (
				27993F831DD8EDC900AEBEDA /* main.cpp */,
			);
			path = FindAllOccurrancesOfAPatternInAString;
			sourceTree = "<group>";
		};
		27C0162F1DC8C7BA0043061D /* ImplementBetterBWMatching */ = {
			isa = PBXGroup;
			children = (
				27C016301DC8C7BA0043061D /* main.cpp */,
			);
			path = ImplementBetterBWMatching;
			sourceTree = "<group>";
		};
		27CCED4E1DBFCD13008DA7E1 /* ImplementingTrieMatching */ = {
			isa = PBXGroup;
			children = (
				27CCED4F1DBFCD13008DA7E1 /* main.cpp */,
			);
			path = ImplementingTrieMatching;
			sourceTree = "<group>";
		};
/* End PBXGroup section */

/* Begin PBXNativeTarget section */
		2704FAEF1DBE4FDB00BB94DC /* ConstructATrieFromACollectionOfPatterns */ = {
			isa = PBXNativeTarget;
			buildConfigurationList = 2704FAF51DBE4FDB00BB94DC /* Build configuration list for PBXNativeTarget "ConstructATrieFromACollectionOfPatterns" */;
			buildPhases = (
				2704FAEC1DBE4FDB00BB94DC /* Sources */,
				2704FAED1DBE4FDB00BB94DC /* Frameworks */,
				2704FAEE1DBE4FDB00BB94DC /* CopyFiles */,
			);
			buildRules = (
			);
			dependencies = (
			);
			name = ConstructATrieFromACollectionOfPatterns;
			productName = ConstructATrieFromACollectionOfPatterns;
			productReference = 2704FAF01DBE4FDB00BB94DC /* ConstructATrieFromACollectionOfPatterns */;
			productType = "com.apple.product-type.tool";
		};
		270716261DC6824E005D3A8B /* ConstructTheBurrows-WheelerTransformOfAString */ = {
			isa = PBXNativeTarget;
			buildConfigurationList = 2707162B1DC6824E005D3A8B /* Build configuration list for PBXNativeTarget "ConstructTheBurrows-WheelerTransformOfAString" */;
			buildPhases = (
				270716231DC6824E005D3A8B /* Sources */,
				270716241DC6824E005D3A8B /* Frameworks */,
				270716251DC6824E005D3A8B /* CopyFiles */,
			);
			buildRules = (
			);
			dependencies = (
			);
			name = "ConstructTheBurrows-WheelerTransformOfAString";
			productName = "ConstructTheBurrows-WheelerTransformOfAString";
			productReference = 270716271DC6824E005D3A8B /* ConstructTheBurrows-WheelerTransformOfAString */;
			productType = "com.apple.product-type.tool";
		};
		2710E1C01DC004D200754D8E /* ExtendTrieMatching */ = {
			isa = PBXNativeTarget;
			buildConfigurationList = 2710E1C71DC004D200754D8E /* Build configuration list for PBXNativeTarget "ExtendTrieMatching" */;
			buildPhases = (
				2710E1BD1DC004D200754D8E /* Sources */,
				2710E1BE1DC004D200754D8E /* Frameworks */,
				2710E1BF1DC004D200754D8E /* CopyFiles */,
			);
			buildRules = (
			);
			dependencies = (
			);
			name = ExtendTrieMatching;
			productName = ExtendTrieMatching;
			productReference = 2710E1C11DC004D200754D8E /* ExtendTrieMatching */;
			productType = "com.apple.product-type.tool";
		};
		27131F551DC00947007C02A1 /* ConstructTheSuffixTreeOfAString */ = {
			isa = PBXNativeTarget;
			buildConfigurationList = 27131F5C1DC00947007C02A1 /* Build configuration list for PBXNativeTarget "ConstructTheSuffixTreeOfAString" */;
			buildPhases = (
				27131F521DC00947007C02A1 /* Sources */,
				27131F531DC00947007C02A1 /* Frameworks */,
				27131F541DC00947007C02A1 /* CopyFiles */,
			);
			buildRules = (
			);
			dependencies = (
			);
			name = ConstructTheSuffixTreeOfAString;
			productName = ConstructTheSuffixTreeOfAString;
			productReference = 27131F561DC00947007C02A1 /* ConstructTheSuffixTreeOfAString */;
			productType = "com.apple.product-type.tool";
		};
		274359FD1DCCEC3C00741EF1 /* ConstructTheSuffixArrayOfAString */ = {
			isa = PBXNativeTarget;
			buildConfigurationList = 27435A041DCCEC3C00741EF1 /* Build configuration list for PBXNativeTarget "ConstructTheSuffixArrayOfAString" */;
			buildPhases = (
				274359FA1DCCEC3C00741EF1 /* Sources */,
				274359FB1DCCEC3C00741EF1 /* Frameworks */,
				274359FC1DCCEC3C00741EF1 /* CopyFiles */,
			);
			buildRules = (
			);
			dependencies = (
			);
			name = ConstructTheSuffixArrayOfAString;
			productName = ConstructTheSuffixArrayOfAString;
			productReference = 274359FE1DCCEC3C00741EF1 /* ConstructTheSuffixArrayOfAString */;
			productType = "com.apple.product-type.tool";
		};
		2769E0E21DC78C5800F9107B /* ReconstructAStringFromItsBurrows-WheelerTransform */ = {
			isa = PBXNativeTarget;
			buildConfigurationList = 2769E0E91DC78C5800F9107B /* Build configuration list for PBXNativeTarget "ReconstructAStringFromItsBurrows-WheelerTransform" */;
			buildPhases = (
				2769E0DF1DC78C5800F9107B /* Sources */,
				2769E0E01DC78C5800F9107B /* Frameworks */,
				2769E0E11DC78C5800F9107B /* CopyFiles */,
			);
			buildRules = (
			);
			dependencies = (
			);
			name = "ReconstructAStringFromItsBurrows-WheelerTransform";
			productName = "ReconstructAStringFromItsBurrows-WheelerTransform";
			productReference = 2769E0E31DC78C5800F9107B /* ReconstructAStringFromItsBurrows-WheelerTransform */;
			productType = "com.apple.product-type.tool";
		};
		27993F801DD8EDC900AEBEDA /* FindAllOccurrancesOfAPatternInAString */ = {
			isa = PBXNativeTarget;
			buildConfigurationList = 27993F851DD8EDC900AEBEDA /* Build configuration list for PBXNativeTarget "FindAllOccurrancesOfAPatternInAString" */;
			buildPhases = (
				27993F7D1DD8EDC900AEBEDA /* Sources */,
				27993F7E1DD8EDC900AEBEDA /* Frameworks */,
				27993F7F1DD8EDC900AEBEDA /* CopyFiles */,
			);
			buildRules = (
			);
			dependencies = (
			);
			name = FindAllOccurrancesOfAPatternInAString;
			productName = FindAllOccurrancesOfAPatternInAString;
			productReference = 27993F811DD8EDC900AEBEDA /* FindAllOccurrancesOfAPatternInAString */;
			productType = "com.apple.product-type.tool";
		};
		27C0162D1DC8C7BA0043061D /* ImplementBetterBWMatching */ = {
			isa = PBXNativeTarget;
			buildConfigurationList = 27C016321DC8C7BA0043061D /* Build configuration list for PBXNativeTarget "ImplementBetterBWMatching" */;
			buildPhases = (
				27C0162A1DC8C7BA0043061D /* Sources */,
				27C0162B1DC8C7BA0043061D /* Frameworks */,
				27C0162C1DC8C7BA0043061D /* CopyFiles */,
			);
			buildRules = (
			);
			dependencies = (
			);
			name = ImplementBetterBWMatching;
			productName = ImplementBetterBWMatching;
			productReference = 27C0162E1DC8C7BA0043061D /* ImplementBetterBWMatching */;
			productType = "com.apple.product-type.tool";
		};
		27CCED4C1DBFCD13008DA7E1 /* ImplementingTrieMatching */ = {
			isa = PBXNativeTarget;
			buildConfigurationList = 27CCED531DBFCD13008DA7E1 /* Build configuration list for PBXNativeTarget "ImplementingTrieMatching" */;
			buildPhases = (
				27CCED491DBFCD13008DA7E1 /* Sources */,
				27CCED4A1DBFCD13008DA7E1 /* Frameworks */,
				27CCED4B1DBFCD13008DA7E1 /* CopyFiles */,
			);
			buildRules = (
			);
			dependencies = (
			);
			name = ImplementingTrieMatching;
			productName = ImplementingTrieMatching;
			productReference = 27CCED4D1DBFCD13008DA7E1 /* ImplementingTrieMatching */;
			productType = "com.apple.product-type.tool";
		};
/* End PBXNativeTarget section */

/* Begin PBXProject section */
		2704FAE51DBE4FAC00BB94DC /* Project object */ = {
			isa = PBXProject;
			attributes = {
				LastUpgradeCheck = 0800;
				TargetAttributes = {
					2704FAEF1DBE4FDB00BB94DC = {
						CreatedOnToolsVersion = 8.0;
						DevelopmentTeam = D8H3Q67XQ5;
						ProvisioningStyle = Automatic;
					};
					270716261DC6824E005D3A8B = {
						CreatedOnToolsVersion = 8.0;
						DevelopmentTeam = D8H3Q67XQ5;
						ProvisioningStyle = Automatic;
					};
					2710E1C01DC004D200754D8E = {
						CreatedOnToolsVersion = 8.0;
						DevelopmentTeam = D8H3Q67XQ5;
						ProvisioningStyle = Automatic;
					};
					27131F551DC00947007C02A1 = {
						CreatedOnToolsVersion = 8.0;
						DevelopmentTeam = D8H3Q67XQ5;
						ProvisioningStyle = Automatic;
					};
					274359FD1DCCEC3C00741EF1 = {
						CreatedOnToolsVersion = 8.1;
						DevelopmentTeam = D8H3Q67XQ5;
						ProvisioningStyle = Automatic;
					};
					2769E0E21DC78C5800F9107B = {
						CreatedOnToolsVersion = 8.0;
						DevelopmentTeam = D8H3Q67XQ5;
						ProvisioningStyle = Automatic;
					};
					27993F801DD8EDC900AEBEDA = {
						CreatedOnToolsVersion = 8.1;
						DevelopmentTeam = D8H3Q67XQ5;
						ProvisioningStyle = Automatic;
					};
					27C0162D1DC8C7BA0043061D = {
						CreatedOnToolsVersion = 8.0;
						DevelopmentTeam = D8H3Q67XQ5;
						ProvisioningStyle = Automatic;
					};
					27CCED4C1DBFCD13008DA7E1 = {
						CreatedOnToolsVersion = 8.0;
						DevelopmentTeam = D8H3Q67XQ5;
						ProvisioningStyle = Automatic;
					};
				};
			};
			buildConfigurationList = 2704FAE81DBE4FAC00BB94DC /* Build configuration list for PBXProject "AlgorithmsOnStrings" */;
			compatibilityVersion = "Xcode 3.2";
			developmentRegion = English;
			hasScannedForEncodings = 0;
			knownRegions = (
				en,
			);
			mainGroup = 2704FAE41DBE4FAC00BB94DC;
			productRefGroup = 2704FAF11DBE4FDB00BB94DC /* Products */;
			projectDirPath = "";
			projectRoot = "";
			targets = (
				2704FAEF1DBE4FDB00BB94DC /* ConstructATrieFromACollectionOfPatterns */,
				27CCED4C1DBFCD13008DA7E1 /* ImplementingTrieMatching */,
				2710E1C01DC004D200754D8E /* ExtendTrieMatching */,
				27131F551DC00947007C02A1 /* ConstructTheSuffixTreeOfAString */,
				270716261DC6824E005D3A8B /* ConstructTheBurrows-WheelerTransformOfAString */,
				2769E0E21DC78C5800F9107B /* ReconstructAStringFromItsBurrows-WheelerTransform */,
				27C0162D1DC8C7BA0043061D /* ImplementBetterBWMatching */,
				274359FD1DCCEC3C00741EF1 /* ConstructTheSuffixArrayOfAString */,
				27993F801DD8EDC900AEBEDA /* FindAllOccurrancesOfAPatternInAString */,
			);
		};
/* End PBXProject section */

/* Begin PBXSourcesBuildPhase section */
		2704FAEC1DBE4FDB00BB94DC /* Sources */ = {
			isa = PBXSourcesBuildPhase;
			buildActionMask = 2147483647;
			files = (
				2704FAF41DBE4FDB00BB94DC /* main.cpp in Sources */,
			);
			runOnlyForDeploymentPostprocessing = 0;
		};
		270716231DC6824E005D3A8B /* Sources */ = {
			isa = PBXSourcesBuildPhase;
			buildActionMask = 2147483647;
			files = (
				2707162A1DC6824E005D3A8B /* main.cpp in Sources */,
			);
			runOnlyForDeploymentPostprocessing = 0;
		};
		2710E1BD1DC004D200754D8E /* Sources */ = {
			isa = PBXSourcesBuildPhase;
			buildActionMask = 2147483647;
			files = (
				2710E1C41DC004D200754D8E /* main.cpp in Sources */,
			);
			runOnlyForDeploymentPostprocessing = 0;
		};
		27131F521DC00947007C02A1 /* Sources */ = {
			isa = PBXSourcesBuildPhase;
			buildActionMask = 2147483647;
			files = (
				270716211DC636E9005D3A8B /* main.cpp in Sources */,
			);
			runOnlyForDeploymentPostprocessing = 0;
		};
		274359FA1DCCEC3C00741EF1 /* Sources */ = {
			isa = PBXSourcesBuildPhase;
			buildActionMask = 2147483647;
			files = (
				27435A011DCCEC3C00741EF1 /* main.cpp in Sources */,
			);
			runOnlyForDeploymentPostprocessing = 0;
		};
		2769E0DF1DC78C5800F9107B /* Sources */ = {
			isa = PBXSourcesBuildPhase;
			buildActionMask = 2147483647;
			files = (
				2769E0E61DC78C5800F9107B /* main.cpp in Sources */,
			);
			runOnlyForDeploymentPostprocessing = 0;
		};
		27993F7D1DD8EDC900AEBEDA /* Sources */ = {
			isa = PBXSourcesBuildPhase;
			buildActionMask = 2147483647;
			files = (
				27993F841DD8EDC900AEBEDA /* main.cpp in Sources */,
			);
			runOnlyForDeploymentPostprocessing = 0;
		};
		27C0162A1DC8C7BA0043061D /* Sources */ = {
			isa = PBXSourcesBuildPhase;
			buildActionMask = 2147483647;
			files = (
				27C016311DC8C7BA0043061D /* main.cpp in Sources */,
			);
			runOnlyForDeploymentPostprocessing = 0;
		};
		27CCED491DBFCD13008DA7E1 /* Sources */ = {
			isa = PBXSourcesBuildPhase;
			buildActionMask = 2147483647;
			files = (
				27CCED501DBFCD13008DA7E1 /* main.cpp in Sources */,
			);
			runOnlyForDeploymentPostprocessing = 0;
		};
/* End PBXSourcesBuildPhase section */

/* Begin XCBuildConfiguration section */
		2704FAE91DBE4FAC00BB94DC /* Debug */ = {
			isa = XCBuildConfiguration;
			buildSettings = {
				CLANG_CXX_LANGUAGE_STANDARD = "c++14";
				CLANG_CXX_LIBRARY = "libc++";
			};
			name = Debug;
		};
		2704FAEA1DBE4FAC00BB94DC /* Release */ = {
			isa = XCBuildConfiguration;
			buildSettings = {
				CLANG_CXX_LANGUAGE_STANDARD = "c++14";
				CLANG_CXX_LIBRARY = "libc++";
			};
			name = Release;
		};
		2704FAF61DBE4FDB00BB94DC /* Debug */ = {
			isa = XCBuildConfiguration;
			buildSettings = {
				ALWAYS_SEARCH_USER_PATHS = NO;
				CLANG_ANALYZER_NONNULL = YES;
				CLANG_CXX_LANGUAGE_STANDARD = "gnu++0x";
				CLANG_CXX_LIBRARY = "libc++";
				CLANG_ENABLE_MODULES = YES;
				CLANG_ENABLE_OBJC_ARC = YES;
				CLANG_WARN_BOOL_CONVERSION = YES;
				CLANG_WARN_CONSTANT_CONVERSION = YES;
				CLANG_WARN_DIRECT_OBJC_ISA_USAGE = YES_ERROR;
				CLANG_WARN_DOCUMENTATION_COMMENTS = YES;
				CLANG_WARN_EMPTY_BODY = YES;
				CLANG_WARN_ENUM_CONVERSION = YES;
				CLANG_WARN_INFINITE_RECURSION = YES;
				CLANG_WARN_INT_CONVERSION = YES;
				CLANG_WARN_OBJC_ROOT_CLASS = YES_ERROR;
				CLANG_WARN_SUSPICIOUS_MOVES = YES;
				CLANG_WARN_UNREACHABLE_CODE = YES;
				CLANG_WARN__DUPLICATE_METHOD_MATCH = YES;
				CODE_SIGN_IDENTITY = "-";
				COPY_PHASE_STRIP = NO;
				DEBUG_INFORMATION_FORMAT = dwarf;
				DEVELOPMENT_TEAM = D8H3Q67XQ5;
				ENABLE_STRICT_OBJC_MSGSEND = YES;
				ENABLE_TESTABILITY = YES;
				GCC_C_LANGUAGE_STANDARD = gnu99;
				GCC_DYNAMIC_NO_PIC = NO;
				GCC_NO_COMMON_BLOCKS = YES;
				GCC_OPTIMIZATION_LEVEL = 0;
				GCC_PREPROCESSOR_DEFINITIONS = (
					"DEBUG=1",
					"$(inherited)",
				);
				GCC_WARN_64_TO_32_BIT_CONVERSION = YES;
				GCC_WARN_ABOUT_RETURN_TYPE = YES_ERROR;
				GCC_WARN_UNDECLARED_SELECTOR = YES;
				GCC_WARN_UNINITIALIZED_AUTOS = YES_AGGRESSIVE;
				GCC_WARN_UNUSED_FUNCTION = YES;
				GCC_WARN_UNUSED_VARIABLE = YES;
				MACOSX_DEPLOYMENT_TARGET = 10.11;
				MTL_ENABLE_DEBUG_INFO = YES;
				ONLY_ACTIVE_ARCH = YES;
				PRODUCT_NAME = "$(TARGET_NAME)";
				SDKROOT = macosx;
			};
			name = Debug;
		};
		2704FAF71DBE4FDB00BB94DC /* Release */ = {
			isa = XCBuildConfiguration;
			buildSettings = {
				ALWAYS_SEARCH_USER_PATHS = NO;
				CLANG_ANALYZER_NONNULL = YES;
				CLANG_CXX_LANGUAGE_STANDARD = "gnu++0x";
				CLANG_CXX_LIBRARY = "libc++";
				CLANG_ENABLE_MODULES = YES;
				CLANG_ENABLE_OBJC_ARC = YES;
				CLANG_WARN_BOOL_CONVERSION = YES;
				CLANG_WARN_CONSTANT_CONVERSION = YES;
				CLANG_WARN_DIRECT_OBJC_ISA_USAGE = YES_ERROR;
				CLANG_WARN_DOCUMENTATION_COMMENTS = YES;
				CLANG_WARN_EMPTY_BODY = YES;
				CLANG_WARN_ENUM_CONVERSION = YES;
				CLANG_WARN_INFINITE_RECURSION = YES;
				CLANG_WARN_INT_CONVERSION = YES;
				CLANG_WARN_OBJC_ROOT_CLASS = YES_ERROR;
				CLANG_WARN_SUSPICIOUS_MOVES = YES;
				CLANG_WARN_UNREACHABLE_CODE = YES;
				CLANG_WARN__DUPLICATE_METHOD_MATCH = YES;
				CODE_SIGN_IDENTITY = "-";
				COPY_PHASE_STRIP = NO;
				DEBUG_INFORMATION_FORMAT = "dwarf-with-dsym";
				DEVELOPMENT_TEAM = D8H3Q67XQ5;
				ENABLE_NS_ASSERTIONS = NO;
				ENABLE_STRICT_OBJC_MSGSEND = YES;
				GCC_C_LANGUAGE_STANDARD = gnu99;
				GCC_NO_COMMON_BLOCKS = YES;
				GCC_WARN_64_TO_32_BIT_CONVERSION = YES;
				GCC_WARN_ABOUT_RETURN_TYPE = YES_ERROR;
				GCC_WARN_UNDECLARED_SELECTOR = YES;
				GCC_WARN_UNINITIALIZED_AUTOS = YES_AGGRESSIVE;
				GCC_WARN_UNUSED_FUNCTION = YES;
				GCC_WARN_UNUSED_VARIABLE = YES;
				MACOSX_DEPLOYMENT_TARGET = 10.11;
				MTL_ENABLE_DEBUG_INFO = NO;
				PRODUCT_NAME = "$(TARGET_NAME)";
				SDKROOT = macosx;
			};
			name = Release;
		};
		2707162C1DC6824E005D3A8B /* Debug */ = {
			isa = XCBuildConfiguration;
			buildSettings = {
				ALWAYS_SEARCH_USER_PATHS = NO;
				CLANG_ANALYZER_NONNULL = YES;
				CLANG_CXX_LANGUAGE_STANDARD = "gnu++0x";
				CLANG_ENABLE_MODULES = YES;
				CLANG_ENABLE_OBJC_ARC = YES;
				CLANG_WARN_BOOL_CONVERSION = YES;
				CLANG_WARN_CONSTANT_CONVERSION = YES;
				CLANG_WARN_DIRECT_OBJC_ISA_USAGE = YES_ERROR;
				CLANG_WARN_DOCUMENTATION_COMMENTS = YES;
				CLANG_WARN_EMPTY_BODY = YES;
				CLANG_WARN_ENUM_CONVERSION = YES;
				CLANG_WARN_INFINITE_RECURSION = YES;
				CLANG_WARN_INT_CONVERSION = YES;
				CLANG_WARN_OBJC_ROOT_CLASS = YES_ERROR;
				CLANG_WARN_SUSPICIOUS_MOVES = YES;
				CLANG_WARN_UNREACHABLE_CODE = YES;
				CLANG_WARN__DUPLICATE_METHOD_MATCH = YES;
				CODE_SIGN_IDENTITY = "-";
				COPY_PHASE_STRIP = NO;
				DEBUG_INFORMATION_FORMAT = dwarf;
				DEVELOPMENT_TEAM = D8H3Q67XQ5;
				ENABLE_STRICT_OBJC_MSGSEND = YES;
				ENABLE_TESTABILITY = YES;
				GCC_C_LANGUAGE_STANDARD = gnu99;
				GCC_DYNAMIC_NO_PIC = NO;
				GCC_NO_COMMON_BLOCKS = YES;
				GCC_OPTIMIZATION_LEVEL = 0;
				GCC_PREPROCESSOR_DEFINITIONS = (
					"DEBUG=1",
					"$(inherited)",
				);
				GCC_WARN_64_TO_32_BIT_CONVERSION = YES;
				GCC_WARN_ABOUT_RETURN_TYPE = YES_ERROR;
				GCC_WARN_UNDECLARED_SELECTOR = YES;
				GCC_WARN_UNINITIALIZED_AUTOS = YES_AGGRESSIVE;
				GCC_WARN_UNUSED_FUNCTION = YES;
				GCC_WARN_UNUSED_VARIABLE = YES;
				MACOSX_DEPLOYMENT_TARGET = 10.11;
				MTL_ENABLE_DEBUG_INFO = YES;
				ONLY_ACTIVE_ARCH = YES;
				PRODUCT_NAME = "$(TARGET_NAME)";
				SDKROOT = macosx;
			};
			name = Debug;
		};
		2707162D1DC6824E005D3A8B /* Release */ = {
			isa = XCBuildConfiguration;
			buildSettings = {
				ALWAYS_SEARCH_USER_PATHS = NO;
				CLANG_ANALYZER_NONNULL = YES;
				CLANG_CXX_LANGUAGE_STANDARD = "gnu++0x";
				CLANG_ENABLE_MODULES = YES;
				CLANG_ENABLE_OBJC_ARC = YES;
				CLANG_WARN_BOOL_CONVERSION = YES;
				CLANG_WARN_CONSTANT_CONVERSION = YES;
				CLANG_WARN_DIRECT_OBJC_ISA_USAGE = YES_ERROR;
				CLANG_WARN_DOCUMENTATION_COMMENTS = YES;
				CLANG_WARN_EMPTY_BODY = YES;
				CLANG_WARN_ENUM_CONVERSION = YES;
				CLANG_WARN_INFINITE_RECURSION = YES;
				CLANG_WARN_INT_CONVERSION = YES;
				CLANG_WARN_OBJC_ROOT_CLASS = YES_ERROR;
				CLANG_WARN_SUSPICIOUS_MOVES = YES;
				CLANG_WARN_UNREACHABLE_CODE = YES;
				CLANG_WARN__DUPLICATE_METHOD_MATCH = YES;
				CODE_SIGN_IDENTITY = "-";
				COPY_PHASE_STRIP = NO;
				DEBUG_INFORMATION_FORMAT = "dwarf-with-dsym";
				DEVELOPMENT_TEAM = D8H3Q67XQ5;
				ENABLE_NS_ASSERTIONS = NO;
				ENABLE_STRICT_OBJC_MSGSEND = YES;
				GCC_C_LANGUAGE_STANDARD = gnu99;
				GCC_NO_COMMON_BLOCKS = YES;
				GCC_WARN_64_TO_32_BIT_CONVERSION = YES;
				GCC_WARN_ABOUT_RETURN_TYPE = YES_ERROR;
				GCC_WARN_UNDECLARED_SELECTOR = YES;
				GCC_WARN_UNINITIALIZED_AUTOS = YES_AGGRESSIVE;
				GCC_WARN_UNUSED_FUNCTION = YES;
				GCC_WARN_UNUSED_VARIABLE = YES;
				MACOSX_DEPLOYMENT_TARGET = 10.11;
				MTL_ENABLE_DEBUG_INFO = NO;
				PRODUCT_NAME = "$(TARGET_NAME)";
				SDKROOT = macosx;
			};
			name = Release;
		};
		2710E1C51DC004D200754D8E /* Debug */ = {
			isa = XCBuildConfiguration;
			buildSettings = {
				ALWAYS_SEARCH_USER_PATHS = NO;
				CLANG_ANALYZER_NONNULL = YES;
				CLANG_CXX_LANGUAGE_STANDARD = "gnu++0x";
				CLANG_CXX_LIBRARY = "libc++";
				CLANG_ENABLE_MODULES = YES;
				CLANG_ENABLE_OBJC_ARC = YES;
				CLANG_WARN_BOOL_CONVERSION = YES;
				CLANG_WARN_CONSTANT_CONVERSION = YES;
				CLANG_WARN_DIRECT_OBJC_ISA_USAGE = YES_ERROR;
				CLANG_WARN_DOCUMENTATION_COMMENTS = YES;
				CLANG_WARN_EMPTY_BODY = YES;
				CLANG_WARN_ENUM_CONVERSION = YES;
				CLANG_WARN_INFINITE_RECURSION = YES;
				CLANG_WARN_INT_CONVERSION = YES;
				CLANG_WARN_OBJC_ROOT_CLASS = YES_ERROR;
				CLANG_WARN_SUSPICIOUS_MOVES = YES;
				CLANG_WARN_UNREACHABLE_CODE = YES;
				CLANG_WARN__DUPLICATE_METHOD_MATCH = YES;
				CODE_SIGN_IDENTITY = "-";
				COPY_PHASE_STRIP = NO;
				DEBUG_INFORMATION_FORMAT = dwarf;
				DEVELOPMENT_TEAM = D8H3Q67XQ5;
				ENABLE_STRICT_OBJC_MSGSEND = YES;
				ENABLE_TESTABILITY = YES;
				GCC_C_LANGUAGE_STANDARD = gnu99;
				GCC_DYNAMIC_NO_PIC = NO;
				GCC_NO_COMMON_BLOCKS = YES;
				GCC_OPTIMIZATION_LEVEL = 0;
				GCC_PREPROCESSOR_DEFINITIONS = (
					"DEBUG=1",
					"$(inherited)",
				);
				GCC_WARN_64_TO_32_BIT_CONVERSION = YES;
				GCC_WARN_ABOUT_RETURN_TYPE = YES_ERROR;
				GCC_WARN_UNDECLARED_SELECTOR = YES;
				GCC_WARN_UNINITIALIZED_AUTOS = YES_AGGRESSIVE;
				GCC_WARN_UNUSED_FUNCTION = YES;
				GCC_WARN_UNUSED_VARIABLE = YES;
				MACOSX_DEPLOYMENT_TARGET = 10.11;
				MTL_ENABLE_DEBUG_INFO = YES;
				ONLY_ACTIVE_ARCH = YES;
				PRODUCT_NAME = "$(TARGET_NAME)";
				SDKROOT = macosx;
			};
			name = Debug;
		};
		2710E1C61DC004D200754D8E /* Release */ = {
			isa = XCBuildConfiguration;
			buildSettings = {
				ALWAYS_SEARCH_USER_PATHS = NO;
				CLANG_ANALYZER_NONNULL = YES;
				CLANG_CXX_LANGUAGE_STANDARD = "gnu++0x";
				CLANG_CXX_LIBRARY = "libc++";
				CLANG_ENABLE_MODULES = YES;
				CLANG_ENABLE_OBJC_ARC = YES;
				CLANG_WARN_BOOL_CONVERSION = YES;
				CLANG_WARN_CONSTANT_CONVERSION = YES;
				CLANG_WARN_DIRECT_OBJC_ISA_USAGE = YES_ERROR;
				CLANG_WARN_DOCUMENTATION_COMMENTS = YES;
				CLANG_WARN_EMPTY_BODY = YES;
				CLANG_WARN_ENUM_CONVERSION = YES;
				CLANG_WARN_INFINITE_RECURSION = YES;
				CLANG_WARN_INT_CONVERSION = YES;
				CLANG_WARN_OBJC_ROOT_CLASS = YES_ERROR;
				CLANG_WARN_SUSPICIOUS_MOVES = YES;
				CLANG_WARN_UNREACHABLE_CODE = YES;
				CLANG_WARN__DUPLICATE_METHOD_MATCH = YES;
				CODE_SIGN_IDENTITY = "-";
				COPY_PHASE_STRIP = NO;
				DEBUG_INFORMATION_FORMAT = "dwarf-with-dsym";
				DEVELOPMENT_TEAM = D8H3Q67XQ5;
				ENABLE_NS_ASSERTIONS = NO;
				ENABLE_STRICT_OBJC_MSGSEND = YES;
				GCC_C_LANGUAGE_STANDARD = gnu99;
				GCC_NO_COMMON_BLOCKS = YES;
				GCC_WARN_64_TO_32_BIT_CONVERSION = YES;
				GCC_WARN_ABOUT_RETURN_TYPE = YES_ERROR;
				GCC_WARN_UNDECLARED_SELECTOR = YES;
				GCC_WARN_UNINITIALIZED_AUTOS = YES_AGGRESSIVE;
				GCC_WARN_UNUSED_FUNCTION = YES;
				GCC_WARN_UNUSED_VARIABLE = YES;
				MACOSX_DEPLOYMENT_TARGET = 10.11;
				MTL_ENABLE_DEBUG_INFO = NO;
				PRODUCT_NAME = "$(TARGET_NAME)";
				SDKROOT = macosx;
			};
			name = Release;
		};
		27131F5A1DC00947007C02A1 /* Debug */ = {
			isa = XCBuildConfiguration;
			buildSettings = {
				ALWAYS_SEARCH_USER_PATHS = NO;
				CLANG_ANALYZER_NONNULL = YES;
				CLANG_ENABLE_MODULES = YES;
				CLANG_ENABLE_OBJC_ARC = YES;
				CLANG_WARN_BOOL_CONVERSION = YES;
				CLANG_WARN_CONSTANT_CONVERSION = YES;
				CLANG_WARN_DIRECT_OBJC_ISA_USAGE = YES_ERROR;
				CLANG_WARN_DOCUMENTATION_COMMENTS = YES;
				CLANG_WARN_EMPTY_BODY = YES;
				CLANG_WARN_ENUM_CONVERSION = YES;
				CLANG_WARN_INFINITE_RECURSION = YES;
				CLANG_WARN_INT_CONVERSION = YES;
				CLANG_WARN_OBJC_ROOT_CLASS = YES_ERROR;
				CLANG_WARN_SUSPICIOUS_MOVES = YES;
				CLANG_WARN_UNREACHABLE_CODE = YES;
				CLANG_WARN__DUPLICATE_METHOD_MATCH = YES;
				CODE_SIGN_IDENTITY = "-";
				COPY_PHASE_STRIP = NO;
				DEBUG_INFORMATION_FORMAT = dwarf;
				DEVELOPMENT_TEAM = D8H3Q67XQ5;
				ENABLE_STRICT_OBJC_MSGSEND = YES;
				ENABLE_TESTABILITY = YES;
				GCC_C_LANGUAGE_STANDARD = gnu99;
				GCC_DYNAMIC_NO_PIC = NO;
				GCC_NO_COMMON_BLOCKS = YES;
				GCC_OPTIMIZATION_LEVEL = 0;
				GCC_PREPROCESSOR_DEFINITIONS = (
					"DEBUG=1",
					"$(inherited)",
				);
				GCC_WARN_64_TO_32_BIT_CONVERSION = YES;
				GCC_WARN_ABOUT_RETURN_TYPE = YES_ERROR;
				GCC_WARN_UNDECLARED_SELECTOR = YES;
				GCC_WARN_UNINITIALIZED_AUTOS = YES_AGGRESSIVE;
				GCC_WARN_UNUSED_FUNCTION = YES;
				GCC_WARN_UNUSED_VARIABLE = YES;
				MACOSX_DEPLOYMENT_TARGET = 10.11;
				MTL_ENABLE_DEBUG_INFO = YES;
				ONLY_ACTIVE_ARCH = YES;
				PRODUCT_NAME = "$(TARGET_NAME)";
				SDKROOT = macosx;
			};
			name = Debug;
		};
		27131F5B1DC00947007C02A1 /* Release */ = {
			isa = XCBuildConfiguration;
			buildSettings = {
				ALWAYS_SEARCH_USER_PATHS = NO;
				CLANG_ANALYZER_NONNULL = YES;
				CLANG_ENABLE_MODULES = YES;
				CLANG_ENABLE_OBJC_ARC = YES;
				CLANG_WARN_BOOL_CONVERSION = YES;
				CLANG_WARN_CONSTANT_CONVERSION = YES;
				CLANG_WARN_DIRECT_OBJC_ISA_USAGE = YES_ERROR;
				CLANG_WARN_DOCUMENTATION_COMMENTS = YES;
				CLANG_WARN_EMPTY_BODY = YES;
				CLANG_WARN_ENUM_CONVERSION = YES;
				CLANG_WARN_INFINITE_RECURSION = YES;
				CLANG_WARN_INT_CONVERSION = YES;
				CLANG_WARN_OBJC_ROOT_CLASS = YES_ERROR;
				CLANG_WARN_SUSPICIOUS_MOVES = YES;
				CLANG_WARN_UNREACHABLE_CODE = YES;
				CLANG_WARN__DUPLICATE_METHOD_MATCH = YES;
				CODE_SIGN_IDENTITY = "-";
				COPY_PHASE_STRIP = NO;
				DEBUG_INFORMATION_FORMAT = "dwarf-with-dsym";
				DEVELOPMENT_TEAM = D8H3Q67XQ5;
				ENABLE_NS_ASSERTIONS = NO;
				ENABLE_STRICT_OBJC_MSGSEND = YES;
				GCC_C_LANGUAGE_STANDARD = gnu99;
				GCC_NO_COMMON_BLOCKS = YES;
				GCC_WARN_64_TO_32_BIT_CONVERSION = YES;
				GCC_WARN_ABOUT_RETURN_TYPE = YES_ERROR;
				GCC_WARN_UNDECLARED_SELECTOR = YES;
				GCC_WARN_UNINITIALIZED_AUTOS = YES_AGGRESSIVE;
				GCC_WARN_UNUSED_FUNCTION = YES;
				GCC_WARN_UNUSED_VARIABLE = YES;
				MACOSX_DEPLOYMENT_TARGET = 10.11;
				MTL_ENABLE_DEBUG_INFO = NO;
				PRODUCT_NAME = "$(TARGET_NAME)";
				SDKROOT = macosx;
			};
			name = Release;
		};
		27435A021DCCEC3C00741EF1 /* Debug */ = {
			isa = XCBuildConfiguration;
			buildSettings = {
				ALWAYS_SEARCH_USER_PATHS = NO;
				CLANG_ANALYZER_NONNULL = YES;
				CLANG_CXX_LANGUAGE_STANDARD = "gnu++0x";
				CLANG_ENABLE_MODULES = YES;
				CLANG_ENABLE_OBJC_ARC = YES;
				CLANG_WARN_BOOL_CONVERSION = YES;
				CLANG_WARN_CONSTANT_CONVERSION = YES;
				CLANG_WARN_DIRECT_OBJC_ISA_USAGE = YES_ERROR;
				CLANG_WARN_DOCUMENTATION_COMMENTS = YES;
				CLANG_WARN_EMPTY_BODY = YES;
				CLANG_WARN_ENUM_CONVERSION = YES;
				CLANG_WARN_INFINITE_RECURSION = YES;
				CLANG_WARN_INT_CONVERSION = YES;
				CLANG_WARN_OBJC_ROOT_CLASS = YES_ERROR;
				CLANG_WARN_SUSPICIOUS_MOVES = YES;
				CLANG_WARN_UNREACHABLE_CODE = YES;
				CLANG_WARN__DUPLICATE_METHOD_MATCH = YES;
				CODE_SIGN_IDENTITY = "-";
				COPY_PHASE_STRIP = NO;
				DEBUG_INFORMATION_FORMAT = dwarf;
				DEVELOPMENT_TEAM = D8H3Q67XQ5;
				ENABLE_STRICT_OBJC_MSGSEND = YES;
				ENABLE_TESTABILITY = YES;
				GCC_C_LANGUAGE_STANDARD = gnu99;
				GCC_DYNAMIC_NO_PIC = NO;
				GCC_NO_COMMON_BLOCKS = YES;
				GCC_OPTIMIZATION_LEVEL = 0;
				GCC_PREPROCESSOR_DEFINITIONS = (
					"DEBUG=1",
					"$(inherited)",
				);
				GCC_WARN_64_TO_32_BIT_CONVERSION = YES;
				GCC_WARN_ABOUT_RETURN_TYPE = YES_ERROR;
				GCC_WARN_UNDECLARED_SELECTOR = YES;
				GCC_WARN_UNINITIALIZED_AUTOS = YES_AGGRESSIVE;
				GCC_WARN_UNUSED_FUNCTION = YES;
				GCC_WARN_UNUSED_VARIABLE = YES;
				MACOSX_DEPLOYMENT_TARGET = 10.11;
				MTL_ENABLE_DEBUG_INFO = YES;
				ONLY_ACTIVE_ARCH = YES;
				PRODUCT_NAME = "$(TARGET_NAME)";
				SDKROOT = macosx;
			};
			name = Debug;
		};
		27435A031DCCEC3C00741EF1 /* Release */ = {
			isa = XCBuildConfiguration;
			buildSettings = {
				ALWAYS_SEARCH_USER_PATHS = NO;
				CLANG_ANALYZER_NONNULL = YES;
				CLANG_CXX_LANGUAGE_STANDARD = "gnu++0x";
				CLANG_ENABLE_MODULES = YES;
				CLANG_ENABLE_OBJC_ARC = YES;
				CLANG_WARN_BOOL_CONVERSION = YES;
				CLANG_WARN_CONSTANT_CONVERSION = YES;
				CLANG_WARN_DIRECT_OBJC_ISA_USAGE = YES_ERROR;
				CLANG_WARN_DOCUMENTATION_COMMENTS = YES;
				CLANG_WARN_EMPTY_BODY = YES;
				CLANG_WARN_ENUM_CONVERSION = YES;
				CLANG_WARN_INFINITE_RECURSION = YES;
				CLANG_WARN_INT_CONVERSION = YES;
				CLANG_WARN_OBJC_ROOT_CLASS = YES_ERROR;
				CLANG_WARN_SUSPICIOUS_MOVES = YES;
				CLANG_WARN_UNREACHABLE_CODE = YES;
				CLANG_WARN__DUPLICATE_METHOD_MATCH = YES;
				CODE_SIGN_IDENTITY = "-";
				COPY_PHASE_STRIP = NO;
				DEBUG_INFORMATION_FORMAT = "dwarf-with-dsym";
				DEVELOPMENT_TEAM = D8H3Q67XQ5;
				ENABLE_NS_ASSERTIONS = NO;
				ENABLE_STRICT_OBJC_MSGSEND = YES;
				GCC_C_LANGUAGE_STANDARD = gnu99;
				GCC_NO_COMMON_BLOCKS = YES;
				GCC_WARN_64_TO_32_BIT_CONVERSION = YES;
				GCC_WARN_ABOUT_RETURN_TYPE = YES_ERROR;
				GCC_WARN_UNDECLARED_SELECTOR = YES;
				GCC_WARN_UNINITIALIZED_AUTOS = YES_AGGRESSIVE;
				GCC_WARN_UNUSED_FUNCTION = YES;
				GCC_WARN_UNUSED_VARIABLE = YES;
				MACOSX_DEPLOYMENT_TARGET = 10.11;
				MTL_ENABLE_DEBUG_INFO = NO;
				PRODUCT_NAME = "$(TARGET_NAME)";
				SDKROOT = macosx;
			};
			name = Release;
		};
		2769E0E71DC78C5800F9107B /* Debug */ = {
			isa = XCBuildConfiguration;
			buildSettings = {
				ALWAYS_SEARCH_USER_PATHS = NO;
				CLANG_ANALYZER_NONNULL = YES;
				CLANG_ENABLE_MODULES = YES;
				CLANG_ENABLE_OBJC_ARC = YES;
				CLANG_WARN_BOOL_CONVERSION = YES;
				CLANG_WARN_CONSTANT_CONVERSION = YES;
				CLANG_WARN_DIRECT_OBJC_ISA_USAGE = YES_ERROR;
				CLANG_WARN_DOCUMENTATION_COMMENTS = YES;
				CLANG_WARN_EMPTY_BODY = YES;
				CLANG_WARN_ENUM_CONVERSION = YES;
				CLANG_WARN_INFINITE_RECURSION = YES;
				CLANG_WARN_INT_CONVERSION = YES;
				CLANG_WARN_OBJC_ROOT_CLASS = YES_ERROR;
				CLANG_WARN_SUSPICIOUS_MOVES = YES;
				CLANG_WARN_UNREACHABLE_CODE = YES;
				CLANG_WARN__DUPLICATE_METHOD_MATCH = YES;
				CODE_SIGN_IDENTITY = "-";
				COPY_PHASE_STRIP = NO;
				DEBUG_INFORMATION_FORMAT = dwarf;
				DEVELOPMENT_TEAM = D8H3Q67XQ5;
				ENABLE_STRICT_OBJC_MSGSEND = YES;
				ENABLE_TESTABILITY = YES;
				GCC_C_LANGUAGE_STANDARD = gnu99;
				GCC_DYNAMIC_NO_PIC = NO;
				GCC_NO_COMMON_BLOCKS = YES;
				GCC_OPTIMIZATION_LEVEL = 0;
				GCC_PREPROCESSOR_DEFINITIONS = (
					"DEBUG=1",
					"$(inherited)",
				);
				GCC_WARN_64_TO_32_BIT_CONVERSION = YES;
				GCC_WARN_ABOUT_RETURN_TYPE = YES_ERROR;
				GCC_WARN_UNDECLARED_SELECTOR = YES;
				GCC_WARN_UNINITIALIZED_AUTOS = YES_AGGRESSIVE;
				GCC_WARN_UNUSED_FUNCTION = YES;
				GCC_WARN_UNUSED_VARIABLE = YES;
				MACOSX_DEPLOYMENT_TARGET = 10.11;
				MTL_ENABLE_DEBUG_INFO = YES;
				ONLY_ACTIVE_ARCH = YES;
				PRODUCT_NAME = "$(TARGET_NAME)";
				SDKROOT = macosx;
			};
			name = Debug;
		};
		2769E0E81DC78C5800F9107B /* Release */ = {
			isa = XCBuildConfiguration;
			buildSettings = {
				ALWAYS_SEARCH_USER_PATHS = NO;
				CLANG_ANALYZER_NONNULL = YES;
				CLANG_ENABLE_MODULES = YES;
				CLANG_ENABLE_OBJC_ARC = YES;
				CLANG_WARN_BOOL_CONVERSION = YES;
				CLANG_WARN_CONSTANT_CONVERSION = YES;
				CLANG_WARN_DIRECT_OBJC_ISA_USAGE = YES_ERROR;
				CLANG_WARN_DOCUMENTATION_COMMENTS = YES;
				CLANG_WARN_EMPTY_BODY = YES;
				CLANG_WARN_ENUM_CONVERSION = YES;
				CLANG_WARN_INFINITE_RECURSION = YES;
				CLANG_WARN_INT_CONVERSION = YES;
				CLANG_WARN_OBJC_ROOT_CLASS = YES_ERROR;
				CLANG_WARN_SUSPICIOUS_MOVES = YES;
				CLANG_WARN_UNREACHABLE_CODE = YES;
				CLANG_WARN__DUPLICATE_METHOD_MATCH = YES;
				CODE_SIGN_IDENTITY = "-";
				COPY_PHASE_STRIP = NO;
				DEBUG_INFORMATION_FORMAT = "dwarf-with-dsym";
				DEVELOPMENT_TEAM = D8H3Q67XQ5;
				ENABLE_NS_ASSERTIONS = NO;
				ENABLE_STRICT_OBJC_MSGSEND = YES;
				GCC_C_LANGUAGE_STANDARD = gnu99;
				GCC_NO_COMMON_BLOCKS = YES;
				GCC_WARN_64_TO_32_BIT_CONVERSION = YES;
				GCC_WARN_ABOUT_RETURN_TYPE = YES_ERROR;
				GCC_WARN_UNDECLARED_SELECTOR = YES;
				GCC_WARN_UNINITIALIZED_AUTOS = YES_AGGRESSIVE;
				GCC_WARN_UNUSED_FUNCTION = YES;
				GCC_WARN_UNUSED_VARIABLE = YES;
				MACOSX_DEPLOYMENT_TARGET = 10.11;
				MTL_ENABLE_DEBUG_INFO = NO;
				PRODUCT_NAME = "$(TARGET_NAME)";
				SDKROOT = macosx;
			};
			name = Release;
		};
		27993F861DD8EDC900AEBEDA /* Debug */ = {
			isa = XCBuildConfiguration;
			buildSettings = {
				ALWAYS_SEARCH_USER_PATHS = NO;
				CLANG_ANALYZER_NONNULL = YES;
				CLANG_CXX_LANGUAGE_STANDARD = "gnu++0x";
				CLANG_ENABLE_MODULES = YES;
				CLANG_ENABLE_OBJC_ARC = YES;
				CLANG_WARN_BOOL_CONVERSION = YES;
				CLANG_WARN_CONSTANT_CONVERSION = YES;
				CLANG_WARN_DIRECT_OBJC_ISA_USAGE = YES_ERROR;
				CLANG_WARN_DOCUMENTATION_COMMENTS = YES;
				CLANG_WARN_EMPTY_BODY = YES;
				CLANG_WARN_ENUM_CONVERSION = YES;
				CLANG_WARN_INFINITE_RECURSION = YES;
				CLANG_WARN_INT_CONVERSION = YES;
				CLANG_WARN_OBJC_ROOT_CLASS = YES_ERROR;
				CLANG_WARN_SUSPICIOUS_MOVES = YES;
				CLANG_WARN_UNREACHABLE_CODE = YES;
				CLANG_WARN__DUPLICATE_METHOD_MATCH = YES;
				CODE_SIGN_IDENTITY = "-";
				COPY_PHASE_STRIP = NO;
				DEBUG_INFORMATION_FORMAT = dwarf;
				DEVELOPMENT_TEAM = D8H3Q67XQ5;
				ENABLE_STRICT_OBJC_MSGSEND = YES;
				ENABLE_TESTABILITY = YES;
				GCC_C_LANGUAGE_STANDARD = gnu99;
				GCC_DYNAMIC_NO_PIC = NO;
				GCC_NO_COMMON_BLOCKS = YES;
				GCC_OPTIMIZATION_LEVEL = 0;
				GCC_PREPROCESSOR_DEFINITIONS = (
					"DEBUG=1",
					"$(inherited)",
				);
				GCC_WARN_64_TO_32_BIT_CONVERSION = YES;
				GCC_WARN_ABOUT_RETURN_TYPE = YES_ERROR;
				GCC_WARN_UNDECLARED_SELECTOR = YES;
				GCC_WARN_UNINITIALIZED_AUTOS = YES_AGGRESSIVE;
				GCC_WARN_UNUSED_FUNCTION = YES;
				GCC_WARN_UNUSED_VARIABLE = YES;
				MACOSX_DEPLOYMENT_TARGET = 10.11;
				MTL_ENABLE_DEBUG_INFO = YES;
				ONLY_ACTIVE_ARCH = YES;
				PRODUCT_NAME = "$(TARGET_NAME)";
				SDKROOT = macosx;
			};
			name = Debug;
		};
		27993F871DD8EDC900AEBEDA /* Release */ = {
			isa = XCBuildConfiguration;
			buildSettings = {
				ALWAYS_SEARCH_USER_PATHS = NO;
				CLANG_ANALYZER_NONNULL = YES;
				CLANG_CXX_LANGUAGE_STANDARD = "gnu++0x";
				CLANG_ENABLE_MODULES = YES;
				CLANG_ENABLE_OBJC_ARC = YES;
				CLANG_WARN_BOOL_CONVERSION = YES;
				CLANG_WARN_CONSTANT_CONVERSION = YES;
				CLANG_WARN_DIRECT_OBJC_ISA_USAGE = YES_ERROR;
				CLANG_WARN_DOCUMENTATION_COMMENTS = YES;
				CLANG_WARN_EMPTY_BODY = YES;
				CLANG_WARN_ENUM_CONVERSION = YES;
				CLANG_WARN_INFINITE_RECURSION = YES;
				CLANG_WARN_INT_CONVERSION = YES;
				CLANG_WARN_OBJC_ROOT_CLASS = YES_ERROR;
				CLANG_WARN_SUSPICIOUS_MOVES = YES;
				CLANG_WARN_UNREACHABLE_CODE = YES;
				CLANG_WARN__DUPLICATE_METHOD_MATCH = YES;
				CODE_SIGN_IDENTITY = "-";
				COPY_PHASE_STRIP = NO;
				DEBUG_INFORMATION_FORMAT = "dwarf-with-dsym";
				DEVELOPMENT_TEAM = D8H3Q67XQ5;
				ENABLE_NS_ASSERTIONS = NO;
				ENABLE_STRICT_OBJC_MSGSEND = YES;
				GCC_C_LANGUAGE_STANDARD = gnu99;
				GCC_NO_COMMON_BLOCKS = YES;
				GCC_WARN_64_TO_32_BIT_CONVERSION = YES;
				GCC_WARN_ABOUT_RETURN_TYPE = YES_ERROR;
				GCC_WARN_UNDECLARED_SELECTOR = YES;
				GCC_WARN_UNINITIALIZED_AUTOS = YES_AGGRESSIVE;
				GCC_WARN_UNUSED_FUNCTION = YES;
				GCC_WARN_UNUSED_VARIABLE = YES;
				MACOSX_DEPLOYMENT_TARGET = 10.11;
				MTL_ENABLE_DEBUG_INFO = NO;
				PRODUCT_NAME = "$(TARGET_NAME)";
				SDKROOT = macosx;
			};
			name = Release;
		};
		27C016331DC8C7BA0043061D /* Debug */ = {
			isa = XCBuildConfiguration;
			buildSettings = {
				ALWAYS_SEARCH_USER_PATHS = NO;
				CLANG_ANALYZER_NONNULL = YES;
				CLANG_ENABLE_MODULES = YES;
				CLANG_ENABLE_OBJC_ARC = YES;
				CLANG_WARN_BOOL_CONVERSION = YES;
				CLANG_WARN_CONSTANT_CONVERSION = YES;
				CLANG_WARN_DIRECT_OBJC_ISA_USAGE = YES_ERROR;
				CLANG_WARN_DOCUMENTATION_COMMENTS = YES;
				CLANG_WARN_EMPTY_BODY = YES;
				CLANG_WARN_ENUM_CONVERSION = YES;
				CLANG_WARN_INFINITE_RECURSION = YES;
				CLANG_WARN_INT_CONVERSION = YES;
				CLANG_WARN_OBJC_ROOT_CLASS = YES_ERROR;
				CLANG_WARN_SUSPICIOUS_MOVES = YES;
				CLANG_WARN_UNREACHABLE_CODE = YES;
				CLANG_WARN__DUPLICATE_METHOD_MATCH = YES;
				CODE_SIGN_IDENTITY = "-";
				COPY_PHASE_STRIP = NO;
				DEBUG_INFORMATION_FORMAT = dwarf;
				DEVELOPMENT_TEAM = D8H3Q67XQ5;
				ENABLE_STRICT_OBJC_MSGSEND = YES;
				ENABLE_TESTABILITY = YES;
				GCC_C_LANGUAGE_STANDARD = gnu99;
				GCC_DYNAMIC_NO_PIC = NO;
				GCC_NO_COMMON_BLOCKS = YES;
				GCC_OPTIMIZATION_LEVEL = 0;
				GCC_PREPROCESSOR_DEFINITIONS = (
					"DEBUG=1",
					"$(inherited)",
				);
				GCC_WARN_64_TO_32_BIT_CONVERSION = YES;
				GCC_WARN_ABOUT_RETURN_TYPE = YES_ERROR;
				GCC_WARN_UNDECLARED_SELECTOR = YES;
				GCC_WARN_UNINITIALIZED_AUTOS = YES_AGGRESSIVE;
				GCC_WARN_UNUSED_FUNCTION = YES;
				GCC_WARN_UNUSED_VARIABLE = YES;
				MACOSX_DEPLOYMENT_TARGET = 10.11;
				MTL_ENABLE_DEBUG_INFO = YES;
				ONLY_ACTIVE_ARCH = YES;
				PRODUCT_NAME = "$(TARGET_NAME)";
				SDKROOT = macosx;
			};
			name = Debug;
		};
		27C016341DC8C7BA0043061D /* Release */ = {
			isa = XCBuildConfiguration;
			buildSettings = {
				ALWAYS_SEARCH_USER_PATHS = NO;
				CLANG_ANALYZER_NONNULL = YES;
				CLANG_ENABLE_MODULES = YES;
				CLANG_ENABLE_OBJC_ARC = YES;
				CLANG_WARN_BOOL_CONVERSION = YES;
				CLANG_WARN_CONSTANT_CONVERSION = YES;
				CLANG_WARN_DIRECT_OBJC_ISA_USAGE = YES_ERROR;
				CLANG_WARN_DOCUMENTATION_COMMENTS = YES;
				CLANG_WARN_EMPTY_BODY = YES;
				CLANG_WARN_ENUM_CONVERSION = YES;
				CLANG_WARN_INFINITE_RECURSION = YES;
				CLANG_WARN_INT_CONVERSION = YES;
				CLANG_WARN_OBJC_ROOT_CLASS = YES_ERROR;
				CLANG_WARN_SUSPICIOUS_MOVES = YES;
				CLANG_WARN_UNREACHABLE_CODE = YES;
				CLANG_WARN__DUPLICATE_METHOD_MATCH = YES;
				CODE_SIGN_IDENTITY = "-";
				COPY_PHASE_STRIP = NO;
				DEBUG_INFORMATION_FORMAT = "dwarf-with-dsym";
				DEVELOPMENT_TEAM = D8H3Q67XQ5;
				ENABLE_NS_ASSERTIONS = NO;
				ENABLE_STRICT_OBJC_MSGSEND = YES;
				GCC_C_LANGUAGE_STANDARD = gnu99;
				GCC_NO_COMMON_BLOCKS = YES;
				GCC_WARN_64_TO_32_BIT_CONVERSION = YES;
				GCC_WARN_ABOUT_RETURN_TYPE = YES_ERROR;
				GCC_WARN_UNDECLARED_SELECTOR = YES;
				GCC_WARN_UNINITIALIZED_AUTOS = YES_AGGRESSIVE;
				GCC_WARN_UNUSED_FUNCTION = YES;
				GCC_WARN_UNUSED_VARIABLE = YES;
				MACOSX_DEPLOYMENT_TARGET = 10.11;
				MTL_ENABLE_DEBUG_INFO = NO;
				PRODUCT_NAME = "$(TARGET_NAME)";
				SDKROOT = macosx;
			};
			name = Release;
		};
		27CCED511DBFCD13008DA7E1 /* Debug */ = {
			isa = XCBuildConfiguration;
			buildSettings = {
				ALWAYS_SEARCH_USER_PATHS = NO;
				CLANG_ANALYZER_NONNULL = YES;
				CLANG_CXX_LANGUAGE_STANDARD = "gnu++0x";
				CLANG_CXX_LIBRARY = "libc++";
				CLANG_ENABLE_MODULES = YES;
				CLANG_ENABLE_OBJC_ARC = YES;
				CLANG_WARN_BOOL_CONVERSION = YES;
				CLANG_WARN_CONSTANT_CONVERSION = YES;
				CLANG_WARN_DIRECT_OBJC_ISA_USAGE = YES_ERROR;
				CLANG_WARN_DOCUMENTATION_COMMENTS = YES;
				CLANG_WARN_EMPTY_BODY = YES;
				CLANG_WARN_ENUM_CONVERSION = YES;
				CLANG_WARN_INFINITE_RECURSION = YES;
				CLANG_WARN_INT_CONVERSION = YES;
				CLANG_WARN_OBJC_ROOT_CLASS = YES_ERROR;
				CLANG_WARN_SUSPICIOUS_MOVES = YES;
				CLANG_WARN_UNREACHABLE_CODE = YES;
				CLANG_WARN__DUPLICATE_METHOD_MATCH = YES;
				CODE_SIGN_IDENTITY = "-";
				COPY_PHASE_STRIP = NO;
				DEBUG_INFORMATION_FORMAT = dwarf;
				DEVELOPMENT_TEAM = D8H3Q67XQ5;
				ENABLE_STRICT_OBJC_MSGSEND = YES;
				ENABLE_TESTABILITY = YES;
				GCC_C_LANGUAGE_STANDARD = gnu99;
				GCC_DYNAMIC_NO_PIC = NO;
				GCC_NO_COMMON_BLOCKS = YES;
				GCC_OPTIMIZATION_LEVEL = 0;
				GCC_PREPROCESSOR_DEFINITIONS = (
					"DEBUG=1",
					"$(inherited)",
				);
				GCC_WARN_64_TO_32_BIT_CONVERSION = YES;
				GCC_WARN_ABOUT_RETURN_TYPE = YES_ERROR;
				GCC_WARN_UNDECLARED_SELECTOR = YES;
				GCC_WARN_UNINITIALIZED_AUTOS = YES_AGGRESSIVE;
				GCC_WARN_UNUSED_FUNCTION = YES;
				GCC_WARN_UNUSED_VARIABLE = YES;
				MACOSX_DEPLOYMENT_TARGET = 10.11;
				MTL_ENABLE_DEBUG_INFO = YES;
				ONLY_ACTIVE_ARCH = YES;
				PRODUCT_NAME = "$(TARGET_NAME)";
				SDKROOT = macosx;
			};
			name = Debug;
		};
		27CCED521DBFCD13008DA7E1 /* Release */ = {
			isa = XCBuildConfiguration;
			buildSettings = {
				ALWAYS_SEARCH_USER_PATHS = NO;
				CLANG_ANALYZER_NONNULL = YES;
				CLANG_CXX_LANGUAGE_STANDARD = "gnu++0x";
				CLANG_CXX_LIBRARY = "libc++";
				CLANG_ENABLE_MODULES = YES;
				CLANG_ENABLE_OBJC_ARC = YES;
				CLANG_WARN_BOOL_CONVERSION = YES;
				CLANG_WARN_CONSTANT_CONVERSION = YES;
				CLANG_WARN_DIRECT_OBJC_ISA_USAGE = YES_ERROR;
				CLANG_WARN_DOCUMENTATION_COMMENTS = YES;
				CLANG_WARN_EMPTY_BODY = YES;
				CLANG_WARN_ENUM_CONVERSION = YES;
				CLANG_WARN_INFINITE_RECURSION = YES;
				CLANG_WARN_INT_CONVERSION = YES;
				CLANG_WARN_OBJC_ROOT_CLASS = YES_ERROR;
				CLANG_WARN_SUSPICIOUS_MOVES = YES;
				CLANG_WARN_UNREACHABLE_CODE = YES;
				CLANG_WARN__DUPLICATE_METHOD_MATCH = YES;
				CODE_SIGN_IDENTITY = "-";
				COPY_PHASE_STRIP = NO;
				DEBUG_INFORMATION_FORMAT = "dwarf-with-dsym";
				DEVELOPMENT_TEAM = D8H3Q67XQ5;
				ENABLE_NS_ASSERTIONS = NO;
				ENABLE_STRICT_OBJC_MSGSEND = YES;
				GCC_C_LANGUAGE_STANDARD = gnu99;
				GCC_NO_COMMON_BLOCKS = YES;
				GCC_WARN_64_TO_32_BIT_CONVERSION = YES;
				GCC_WARN_ABOUT_RETURN_TYPE = YES_ERROR;
				GCC_WARN_UNDECLARED_SELECTOR = YES;
				GCC_WARN_UNINITIALIZED_AUTOS = YES_AGGRESSIVE;
				GCC_WARN_UNUSED_FUNCTION = YES;
				GCC_WARN_UNUSED_VARIABLE = YES;
				MACOSX_DEPLOYMENT_TARGET = 10.11;
				MTL_ENABLE_DEBUG_INFO = NO;
				PRODUCT_NAME = "$(TARGET_NAME)";
				SDKROOT = macosx;
			};
			name = Release;
		};
/* End XCBuildConfiguration section */

/* Begin XCConfigurationList section */
		2704FAE81DBE4FAC00BB94DC /* Build configuration list for PBXProject "AlgorithmsOnStrings" */ = {
			isa = XCConfigurationList;
			buildConfigurations = (
				2704FAE91DBE4FAC00BB94DC /* Debug */,
				2704FAEA1DBE4FAC00BB94DC /* Release */,
			);
			defaultConfigurationIsVisible = 0;
			defaultConfigurationName = Release;
		};
		2704FAF51DBE4FDB00BB94DC /* Build configuration list for PBXNativeTarget "ConstructATrieFromACollectionOfPatterns" */ = {
			isa = XCConfigurationList;
			buildConfigurations = (
				2704FAF61DBE4FDB00BB94DC /* Debug */,
				2704FAF71DBE4FDB00BB94DC /* Release */,
			);
			defaultConfigurationIsVisible = 0;
			defaultConfigurationName = Release;
		};
		2707162B1DC6824E005D3A8B /* Build configuration list for PBXNativeTarget "ConstructTheBurrows-WheelerTransformOfAString" */ = {
			isa = XCConfigurationList;
			buildConfigurations = (
				2707162C1DC6824E005D3A8B /* Debug */,
				2707162D1DC6824E005D3A8B /* Release */,
			);
			defaultConfigurationIsVisible = 0;
			defaultConfigurationName = Release;
		};
		2710E1C71DC004D200754D8E /* Build configuration list for PBXNativeTarget "ExtendTrieMatching" */ = {
			isa = XCConfigurationList;
			buildConfigurations = (
				2710E1C51DC004D200754D8E /* Debug */,
				2710E1C61DC004D200754D8E /* Release */,
			);
			defaultConfigurationIsVisible = 0;
			defaultConfigurationName = Release;
		};
		27131F5C1DC00947007C02A1 /* Build configuration list for PBXNativeTarget "ConstructTheSuffixTreeOfAString" */ = {
			isa = XCConfigurationList;
			buildConfigurations = (
				27131F5A1DC00947007C02A1 /* Debug */,
				27131F5B1DC00947007C02A1 /* Release */,
			);
			defaultConfigurationIsVisible = 0;
			defaultConfigurationName = Release;
		};
		27435A041DCCEC3C00741EF1 /* Build configuration list for PBXNativeTarget "ConstructTheSuffixArrayOfAString" */ = {
			isa = XCConfigurationList;
			buildConfigurations = (
				27435A021DCCEC3C00741EF1 /* Debug */,
				27435A031DCCEC3C00741EF1 /* Release */,
			);
			defaultConfigurationIsVisible = 0;
			defaultConfigurationName = Release;
		};
		2769E0E91DC78C5800F9107B /* Build configuration list for PBXNativeTarget "ReconstructAStringFromItsBurrows-WheelerTransform" */ = {
			isa = XCConfigurationList;
			buildConfigurations = (
				2769E0E71DC78C5800F9107B /* Debug */,
				2769E0E81DC78C5800F9107B /* Release */,
			);
			defaultConfigurationIsVisible = 0;
			defaultConfigurationName = Release;
		};
		27993F851DD8EDC900AEBEDA /* Build configuration list for PBXNativeTarget "FindAllOccurrancesOfAPatternInAString" */ = {
			isa = XCConfigurationList;
			buildConfigurations = (
				27993F861DD8EDC900AEBEDA /* Debug */,
				27993F871DD8EDC900AEBEDA /* Release */,
			);
			defaultConfigurationIsVisible = 0;
		};
		27C016321DC8C7BA0043061D /* Build configuration list for PBXNativeTarget "ImplementBetterBWMatching" */ = {
			isa = XCConfigurationList;
			buildConfigurations = (
				27C016331DC8C7BA0043061D /* Debug */,
				27C016341DC8C7BA0043061D /* Release */,
			);
			defaultConfigurationIsVisible = 0;
			defaultConfigurationName = Release;
		};
		27CCED531DBFCD13008DA7E1 /* Build configuration list for PBXNativeTarget "ImplementingTrieMatching" */ = {
			isa = XCConfigurationList;
			buildConfigurations = (
				27CCED511DBFCD13008DA7E1 /* Debug */,
				27CCED521DBFCD13008DA7E1 /* Release */,
			);
			defaultConfigurationIsVisible = 0;
			defaultConfigurationName = Release;
		};
/* End XCConfigurationList section */
	};
	rootObject = 2704FAE51DBE4FAC00BB94DC /* Project object */;
}
